
Microsoft Visual Studio Solution File, Format Version 12.00
# Visual Studio Version 16
VisualStudioVersion = 16.0.29806.167
MinimumVisualStudioVersion = 10.0.40219.1
Project("{FAE04EC0-301F-11D3-BF4B-00C04F79EFBC}") = "CodeChallengeService", "CodeChallengeService\CodeChallengeService.csproj", "{81FE86CE-4DED-4F22-BADF-C02ADC45C18C}"
EndProject
Global
	GlobalSection(SolutionConfigurationPlatforms) = preSolution
		Debug|Any CPU = Debug|Any CPU
		Release|Any CPU = Release|Any CPU
	EndGlobalSection
	GlobalSection(ProjectConfigurationPlatforms) = postSolution
		{81FE86CE-4DED-4F22-BADF-C02ADC45C18C}.Debug|Any CPU.ActiveCfg = Debug|Any CPU
		{81FE86CE-4DED-4F22-BADF-C02ADC45C18C}.Debug|Any CPU.Build.0 = Debug|Any CPU
		{81FE86CE-4DED-4F22-BADF-C02ADC45C18C}.Release|Any CPU.ActiveCfg = Release|Any CPU
		{81FE86CE-4DED-4F22-BADF-C02ADC45C18C}.Release|Any CPU.Build.0 = Release|Any CPU
	EndGlobalSection
	GlobalSection(SolutionProperties) = preSolution
		HideSolutionNode = FALSE
	EndGlobalSection
	GlobalSection(ExtensibilityGlobals) = postSolution
		SolutionGuid = {47ADB9E7-B490-4396-BF89-7CA3C6D7195C}
	EndGlobalSection
EndGlobal
